Microsoft Visual Studio Solution File, Format Version 12.00
# Visual Studio 2012
Project("{FAE04EC0-301F-11D3-BF4B-00C04F79EFBC}") = "MIKAN-Inspired RTS", "MIKAN-Inspired RTS.csproj", "{8E613457-6512-4BB4-9891-4FD072460E04}"
EndProject
Global
	GlobalSection(SolutionConfigurationPlatforms) = preSolution
	Debug|Any CPU = Debug|Any CPU
	ExportDebug|Any CPU = ExportDebug|Any CPU
	ExportRelease|Any CPU = ExportRelease|Any CPU
	EndGlobalSection
	GlobalSection(ProjectConfigurationPlatforms) = postSolution
		{8E613457-6512-4BB4-9891-4FD072460E04}.Debug|Any CPU.ActiveCfg = Debug|Any CPU
		{8E613457-6512-4BB4-9891-4FD072460E04}.Debug|Any CPU.Build.0 = Debug|Any CPU
		{8E613457-6512-4BB4-9891-4FD072460E04}.ExportDebug|Any CPU.ActiveCfg = ExportDebug|Any CPU
		{8E613457-6512-4BB4-9891-4FD072460E04}.ExportDebug|Any CPU.Build.0 = ExportDebug|Any CPU
		{8E613457-6512-4BB4-9891-4FD072460E04}.ExportRelease|Any CPU.ActiveCfg = ExportRelease|Any CPU
		{8E613457-6512-4BB4-9891-4FD072460E04}.ExportRelease|Any CPU.Build.0 = ExportRelease|Any CPU
	EndGlobalSection
EndGlobal
